
Microsoft Visual Studio Solution File, Format Version 12.00
# Visual Studio 15
VisualStudioVersion = 15.0.28010.2041
MinimumVisualStudioVersion = 10.0.40219.1
Project("{8BC9CEB8-8B4A-11D0-8D11-00A0C91BC942}") = "ConwaysGameOfLife", "Project1\Project1.vcxproj", "{B08DC818-E1B8-4DF6-BE3B-E9DB3AE4C0BB}"
EndProject
Project("{8BC9CEB8-8B4A-11D0-8D11-00A0C91BC942}") = "HolidayFind", "HolidayFind\HolidayFind.vcxproj", "{7825E473-156E-4647-B1A6-F59B0EB9A005}"
EndProject
Project("{8BC9CEB8-8B4A-11D0-8D11-00A0C91BC942}") = "MysteryProgram-Q3", "MysteryProgram-Q3\MysteryProgram-Q3.vcxproj", "{DE12B971-386A-497E-AE51-6061B90598D9}"
EndProject
Project("{8BC9CEB8-8B4A-11D0-8D11-00A0C91BC942}") = "PascalsTriangleQ4", "PascalsTriangleQ4\PascalsTriangleQ4.vcxproj", "{19AD55EA-790A-49CD-ABE6-A0A5C13B9B78}"
EndProject
Project("{8BC9CEB8-8B4A-11D0-8D11-00A0C91BC942}") = "DayOfTheWeek", "DayOfTheWeek\DayOfTheWeek.vcxproj", "{C55E7DC4-2671-4725-87E1-F6939D467190}"
EndProject
Project("{8BC9CEB8-8B4A-11D0-8D11-00A0C91BC942}") = "PerpendicularClockHands", "PerpendicularClockHands\PerpendicularClockHands.vcxproj", "{7BEF96A5-2708-4F58-81F8-4DFAAD72E7BB}"
EndProject
Global
	GlobalSection(SolutionConfigurationPlatforms) = preSolution
		Debug|x64 = Debug|x64
		Debug|x86 = Debug|x86
		Release|x64 = Release|x64
		Release|x86 = Release|x86
	EndGlobalSection
	GlobalSection(ProjectConfigurationPlatforms) = postSolution
		{B08DC818-E1B8-4DF6-BE3B-E9DB3AE4C0BB}.Debug|x64.ActiveCfg = Debug|x64
		{B08DC818-E1B8-4DF6-BE3B-E9DB3AE4C0BB}.Debug|x64.Build.0 = Debug|x64
		{B08DC818-E1B8-4DF6-BE3B-E9DB3AE4C0BB}.Debug|x86.ActiveCfg = Debug|Win32
		{B08DC818-E1B8-4DF6-BE3B-E9DB3AE4C0BB}.Debug|x86.Build.0 = Debug|Win32
		{B08DC818-E1B8-4DF6-BE3B-E9DB3AE4C0BB}.Release|x64.ActiveCfg = Release|x64
		{B08DC818-E1B8-4DF6-BE3B-E9DB3AE4C0BB}.Release|x64.Build.0 = Release|x64
		{B08DC818-E1B8-4DF6-BE3B-E9DB3AE4C0BB}.Release|x86.ActiveCfg = Release|Win32
		{B08DC818-E1B8-4DF6-BE3B-E9DB3AE4C0BB}.Release|x86.Build.0 = Release|Win32
		{7825E473-156E-4647-B1A6-F59B0EB9A005}.Debug|x64.ActiveCfg = Debug|x64
		{7825E473-156E-4647-B1A6-F59B0EB9A005}.Debug|x64.Build.0 = Debug|x64
		{7825E473-156E-4647-B1A6-F59B0EB9A005}.Debug|x86.ActiveCfg = Debug|Win32
		{7825E473-156E-4647-B1A6-F59B0EB9A005}.Debug|x86.Build.0 = Debug|Win32
		{7825E473-156E-4647-B1A6-F59B0EB9A005}.Release|x64.ActiveCfg = Release|x64
		{7825E473-156E-4647-B1A6-F59B0EB9A005}.Release|x64.Build.0 = Release|x64
		{7825E473-156E-4647-B1A6-F59B0EB9A005}.Release|x86.ActiveCfg = Release|Win32
		{7825E473-156E-4647-B1A6-F59B0EB9A005}.Release|x86.Build.0 = Release|Win32
		{DE12B971-386A-497E-AE51-6061B90598D9}.Debug|x64.ActiveCfg = Debug|x64
		{DE12B971-386A-497E-AE51-6061B90598D9}.Debug|x64.Build.0 = Debug|x64
		{DE12B971-386A-497E-AE51-6061B90598D9}.Debug|x86.ActiveCfg = Debug|Win32
		{DE12B971-386A-497E-AE51-6061B90598D9}.Debug|x86.Build.0 = Debug|Win32
		{DE12B971-386A-497E-AE51-6061B90598D9}.Release|x64.ActiveCfg = Release|x64
		{DE12B971-386A-497E-AE51-6061B90598D9}.Release|x64.Build.0 = Release|x64
		{DE12B971-386A-497E-AE51-6061B90598D9}.Release|x86.ActiveCfg = Release|Win32
		{DE12B971-386A-497E-AE51-6061B90598D9}.Release|x86.Build.0 = Release|Win32
		{19AD55EA-790A-49CD-ABE6-A0A5C13B9B78}.Debug|x64.ActiveCfg = Debug|x64
		{19AD55EA-790A-49CD-ABE6-A0A5C13B9B78}.Debug|x64.Build.0 = Debug|x64
		{19AD55EA-790A-49CD-ABE6-A0A5C13B9B78}.Debug|x86.ActiveCfg = Debug|Win32
		{19AD55EA-790A-49CD-ABE6-A0A5C13B9B78}.Debug|x86.Build.0 = Debug|Win32
		{19AD55EA-790A-49CD-ABE6-A0A5C13B9B78}.Release|x64.ActiveCfg = Release|x64
		{19AD55EA-790A-49CD-ABE6-A0A5C13B9B78}.Release|x64.Build.0 = Release|x64
		{19AD55EA-790A-49CD-ABE6-A0A5C13B9B78}.Release|x86.ActiveCfg = Release|Win32
		{19AD55EA-790A-49CD-ABE6-A0A5C13B9B78}.Release|x86.Build.0 = Release|Win32
		{C55E7DC4-2671-4725-87E1-F6939D467190}.Debug|x64.ActiveCfg = Debug|x64
		{C55E7DC4-2671-4725-87E1-F6939D467190}.Debug|x64.Build.0 = Debug|x64
		{C55E7DC4-2671-4725-87E1-F6939D467190}.Debug|x86.ActiveCfg = Debug|Win32
		{C55E7DC4-2671-4725-87E1-F6939D467190}.Debug|x86.Build.0 = Debug|Win32
		{C55E7DC4-2671-4725-87E1-F6939D467190}.Release|x64.ActiveCfg = Release|x64
		{C55E7DC4-2671-4725-87E1-F6939D467190}.Release|x64.Build.0 = Release|x64
		{C55E7DC4-2671-4725-87E1-F6939D467190}.Release|x86.ActiveCfg = Release|Win32
		{C55E7DC4-2671-4725-87E1-F6939D467190}.Release|x86.Build.0 = Release|Win32
		{7BEF96A5-2708-4F58-81F8-4DFAAD72E7BB}.Debug|x64.ActiveCfg = Debug|x64
		{7BEF96A5-2708-4F58-81F8-4DFAAD72E7BB}.Debug|x64.Build.0 = Debug|x64
		{7BEF96A5-2708-4F58-81F8-4DFAAD72E7BB}.Debug|x86.ActiveCfg = Debug|Win32
		{7BEF96A5-2708-4F58-81F8-4DFAAD72E7BB}.Debug|x86.Build.0 = Debug|Win32
		{7BEF96A5-2708-4F58-81F8-4DFAAD72E7BB}.Release|x64.ActiveCfg = Release|x64
		{7BEF96A5-2708-4F58-81F8-4DFAAD72E7BB}.Release|x64.Build.0 = Release|x64
		{7BEF96A5-2708-4F58-81F8-4DFAAD72E7BB}.Release|x86.ActiveCfg = Release|Win32
		{7BEF96A5-2708-4F58-81F8-4DFAAD72E7BB}.Release|x86.Build.0 = Release|Win32
	EndGlobalSection
	GlobalSection(SolutionProperties) = preSolution
		HideSolutionNode = FALSE
	EndGlobalSection
	GlobalSection(ExtensibilityGlobals) = postSolution
		SolutionGuid = {7E8C3EBD-9513-4C94-838D-29FA71C1D2B0}
	EndGlobalSection
EndGlobal
